
Microsoft Visual Studio Solution File, Format Version 12.00
# Visual Studio 14
VisualStudioVersion = 14.0.25420.1
MinimumVisualStudioVersion = 10.0.40219.1
Project("{8BC9CEB8-8B4A-11D0-8D11-00A0C91BC942}") = "core", "core\core.vcxproj", "{8C80C76D-F437-4C69-BC94-252AC44171C2}"
EndProject
Project("{8BC9CEB8-8B4A-11D0-8D11-00A0C91BC942}") = "gui", "gui\gui.vcxproj", "{89DB54E6-EFE1-4722-BD31-27FEBE39DFC6}"
EndProject
Project("{8BC9CEB8-8B4A-11D0-8D11-00A0C91BC942}") = "sample", "sample\sample.vcxproj", "{289E64C1-73C4-4533-9A06-9DDBF52235BB}"
EndProject
Project("{8BC9CEB8-8B4A-11D0-8D11-00A0C91BC942}") = "sample_native", "sample_native\sample_native.vcxproj", "{68DE856B-07CE-4CCA-B62A-DCC9F9281E93}"
EndProject
Project("{8BC9CEB8-8B4A-11D0-8D11-00A0C91BC942}") = "SampleUwpDll", "sample_uwp_dll\sample.uwp.dll.vcxproj", "{81A8C6C6-1548-4CCC-9872-D39A157A20FD}"
EndProject
Project("{FAE04EC0-301F-11D3-BF4B-00C04F79EFBC}") = "sample_uwp", "sample_uwp\sample_uwp.csproj", "{2D89D81C-6A9A-4DA2-BAC0-6B37C127FF25}"
EndProject
Project("{8BC9CEB8-8B4A-11D0-8D11-00A0C91BC942}") = "sample_uwp_cpp", "sample_uwp_cpp\sample_uwp_cpp.vcxproj", "{0CCC472B-9542-40FF-BE8C-7887D11E0B75}"
EndProject
Global
	GlobalSection(SolutionConfigurationPlatforms) = preSolution
		Debug|ARM = Debug|ARM
		Debug|x64 = Debug|x64
		Debug|x86 = Debug|x86
		MinSizeRel|ARM = MinSizeRel|ARM
		MinSizeRel|x64 = MinSizeRel|x64
		MinSizeRel|x86 = MinSizeRel|x86
		Release|ARM = Release|ARM
		Release|x64 = Release|x64
		Release|x86 = Release|x86
		RelWithDebInfo|ARM = RelWithDebInfo|ARM
		RelWithDebInfo|x64 = RelWithDebInfo|x64
		RelWithDebInfo|x86 = RelWithDebInfo|x86
	EndGlobalSection
	GlobalSection(ProjectConfigurationPlatforms) = postSolution
		{8C80C76D-F437-4C69-BC94-252AC44171C2}.Debug|ARM.ActiveCfg = Debug|Win32
		{8C80C76D-F437-4C69-BC94-252AC44171C2}.Debug|x64.ActiveCfg = Debug|x64
		{8C80C76D-F437-4C69-BC94-252AC44171C2}.Debug|x64.Build.0 = Debug|x64
		{8C80C76D-F437-4C69-BC94-252AC44171C2}.Debug|x86.ActiveCfg = Debug|Win32
		{8C80C76D-F437-4C69-BC94-252AC44171C2}.Debug|x86.Build.0 = Debug|Win32
		{8C80C76D-F437-4C69-BC94-252AC44171C2}.MinSizeRel|ARM.ActiveCfg = Release|Win32
		{8C80C76D-F437-4C69-BC94-252AC44171C2}.MinSizeRel|ARM.Build.0 = Release|Win32
		{8C80C76D-F437-4C69-BC94-252AC44171C2}.MinSizeRel|x64.ActiveCfg = Release|x64
		{8C80C76D-F437-4C69-BC94-252AC44171C2}.MinSizeRel|x64.Build.0 = Release|x64
		{8C80C76D-F437-4C69-BC94-252AC44171C2}.MinSizeRel|x86.ActiveCfg = Release|Win32
		{8C80C76D-F437-4C69-BC94-252AC44171C2}.MinSizeRel|x86.Build.0 = Release|Win32
		{8C80C76D-F437-4C69-BC94-252AC44171C2}.Release|ARM.ActiveCfg = Release|Win32
		{8C80C76D-F437-4C69-BC94-252AC44171C2}.Release|x64.ActiveCfg = Release|x64
		{8C80C76D-F437-4C69-BC94-252AC44171C2}.Release|x64.Build.0 = Release|x64
		{8C80C76D-F437-4C69-BC94-252AC44171C2}.Release|x86.ActiveCfg = Release|Win32
		{8C80C76D-F437-4C69-BC94-252AC44171C2}.Release|x86.Build.0 = Release|Win32
		{8C80C76D-F437-4C69-BC94-252AC44171C2}.RelWithDebInfo|ARM.ActiveCfg = Release|Win32
		{8C80C76D-F437-4C69-BC94-252AC44171C2}.RelWithDebInfo|ARM.Build.0 = Release|Win32
		{8C80C76D-F437-4C69-BC94-252AC44171C2}.RelWithDebInfo|x64.ActiveCfg = Release|x64
		{8C80C76D-F437-4C69-BC94-252AC44171C2}.RelWithDebInfo|x64.Build.0 = Release|x64
		{8C80C76D-F437-4C69-BC94-252AC44171C2}.RelWithDebInfo|x86.ActiveCfg = Release|Win32
		{8C80C76D-F437-4C69-BC94-252AC44171C2}.RelWithDebInfo|x86.Build.0 = Release|Win32
		{89DB54E6-EFE1-4722-BD31-27FEBE39DFC6}.Debug|ARM.ActiveCfg = Debug|Win32
		{89DB54E6-EFE1-4722-BD31-27FEBE39DFC6}.Debug|x64.ActiveCfg = Debug|x64
		{89DB54E6-EFE1-4722-BD31-27FEBE39DFC6}.Debug|x64.Build.0 = Debug|x64
		{89DB54E6-EFE1-4722-BD31-27FEBE39DFC6}.Debug|x86.ActiveCfg = Debug|Win32
		{89DB54E6-EFE1-4722-BD31-27FEBE39DFC6}.Debug|x86.Build.0 = Debug|Win32
		{89DB54E6-EFE1-4722-BD31-27FEBE39DFC6}.MinSizeRel|ARM.ActiveCfg = Release|Win32
		{89DB54E6-EFE1-4722-BD31-27FEBE39DFC6}.MinSizeRel|ARM.Build.0 = Release|Win32
		{89DB54E6-EFE1-4722-BD31-27FEBE39DFC6}.MinSizeRel|x64.ActiveCfg = Release|x64
		{89DB54E6-EFE1-4722-BD31-27FEBE39DFC6}.MinSizeRel|x64.Build.0 = Release|x64
		{89DB54E6-EFE1-4722-BD31-27FEBE39DFC6}.MinSizeRel|x86.ActiveCfg = Release|Win32
		{89DB54E6-EFE1-4722-BD31-27FEBE39DFC6}.MinSizeRel|x86.Build.0 = Release|Win32
		{89DB54E6-EFE1-4722-BD31-27FEBE39DFC6}.Release|ARM.ActiveCfg = Release|Win32
		{89DB54E6-EFE1-4722-BD31-27FEBE39DFC6}.Release|x64.ActiveCfg = Release|x64
		{89DB54E6-EFE1-4722-BD31-27FEBE39DFC6}.Release|x64.Build.0 = Release|x64
		{89DB54E6-EFE1-4722-BD31-27FEBE39DFC6}.Release|x86.ActiveCfg = Release|Win32
		{89DB54E6-EFE1-4722-BD31-27FEBE39DFC6}.Release|x86.Build.0 = Release|Win32
		{89DB54E6-EFE1-4722-BD31-27FEBE39DFC6}.RelWithDebInfo|ARM.ActiveCfg = Release|Win32
		{89DB54E6-EFE1-4722-BD31-27FEBE39DFC6}.RelWithDebInfo|ARM.Build.0 = Release|Win32
		{89DB54E6-EFE1-4722-BD31-27FEBE39DFC6}.RelWithDebInfo|x64.ActiveCfg = Release|x64
		{89DB54E6-EFE1-4722-BD31-27FEBE39DFC6}.RelWithDebInfo|x64.Build.0 = Release|x64
		{89DB54E6-EFE1-4722-BD31-27FEBE39DFC6}.RelWithDebInfo|x86.ActiveCfg = Release|Win32
		{89DB54E6-EFE1-4722-BD31-27FEBE39DFC6}.RelWithDebInfo|x86.Build.0 = Release|Win32
		{289E64C1-73C4-4533-9A06-9DDBF52235BB}.Debug|ARM.ActiveCfg = Debug|Win32
		{289E64C1-73C4-4533-9A06-9DDBF52235BB}.Debug|x64.ActiveCfg = Debug|x64
		{289E64C1-73C4-4533-9A06-9DDBF52235BB}.Debug|x64.Build.0 = Debug|x64
		{289E64C1-73C4-4533-9A06-9DDBF52235BB}.Debug|x86.ActiveCfg = Debug|Win32
		{289E64C1-73C4-4533-9A06-9DDBF52235BB}.Debug|x86.Build.0 = Debug|Win32
		{289E64C1-73C4-4533-9A06-9DDBF52235BB}.MinSizeRel|ARM.ActiveCfg = Release|Win32
		{289E64C1-73C4-4533-9A06-9DDBF52235BB}.MinSizeRel|ARM.Build.0 = Release|Win32
		{289E64C1-73C4-4533-9A06-9DDBF52235BB}.MinSizeRel|x64.ActiveCfg = Release|x64
		{289E64C1-73C4-4533-9A06-9DDBF52235BB}.MinSizeRel|x64.Build.0 = Release|x64
		{289E64C1-73C4-4533-9A06-9DDBF52235BB}.MinSizeRel|x86.ActiveCfg = Release|Win32
		{289E64C1-73C4-4533-9A06-9DDBF52235BB}.MinSizeRel|x86.Build.0 = Release|Win32
		{289E64C1-73C4-4533-9A06-9DDBF52235BB}.Release|ARM.ActiveCfg = Release|Win32
		{289E64C1-73C4-4533-9A06-9DDBF52235BB}.Release|x64.ActiveCfg = Release|x64
		{289E64C1-73C4-4533-9A06-9DDBF52235BB}.Release|x64.Build.0 = Release|x64
		{289E64C1-73C4-4533-9A06-9DDBF52235BB}.Release|x86.ActiveCfg = Release|Win32
		{289E64C1-73C4-4533-9A06-9DDBF52235BB}.Release|x86.Build.0 = Release|Win32
		{289E64C1-73C4-4533-9A06-9DDBF52235BB}.RelWithDebInfo|ARM.ActiveCfg = Release|Win32
		{289E64C1-73C4-4533-9A06-9DDBF52235BB}.RelWithDebInfo|ARM.Build.0 = Release|Win32
		{289E64C1-73C4-4533-9A06-9DDBF52235BB}.RelWithDebInfo|x64.ActiveCfg = Release|x64
		{289E64C1-73C4-4533-9A06-9DDBF52235BB}.RelWithDebInfo|x64.Build.0 = Release|x64
		{289E64C1-73C4-4533-9A06-9DDBF52235BB}.RelWithDebInfo|x86.ActiveCfg = Release|Win32
		{289E64C1-73C4-4533-9A06-9DDBF52235BB}.RelWithDebInfo|x86.Build.0 = Release|Win32
		{68DE856B-07CE-4CCA-B62A-DCC9F9281E93}.Debug|ARM.ActiveCfg = Debug|Win32
		{68DE856B-07CE-4CCA-B62A-DCC9F9281E93}.Debug|x64.ActiveCfg = Debug|x64
		{68DE856B-07CE-4CCA-B62A-DCC9F9281E93}.Debug|x64.Build.0 = Debug|x64
		{68DE856B-07CE-4CCA-B62A-DCC9F9281E93}.Debug|x86.ActiveCfg = Debug|Win32
		{68DE856B-07CE-4CCA-B62A-DCC9F9281E93}.Debug|x86.Build.0 = Debug|Win32
		{68DE856B-07CE-4CCA-B62A-DCC9F9281E93}.MinSizeRel|ARM.ActiveCfg = Release|Win32
		{68DE856B-07CE-4CCA-B62A-DCC9F9281E93}.MinSizeRel|ARM.Build.0 = Release|Win32
		{68DE856B-07CE-4CCA-B62A-DCC9F9281E93}.MinSizeRel|x64.ActiveCfg = Release|x64
		{68DE856B-07CE-4CCA-B62A-DCC9F9281E93}.MinSizeRel|x64.Build.0 = Release|x64
		{68DE856B-07CE-4CCA-B62A-DCC9F9281E93}.MinSizeRel|x86.ActiveCfg = Release|Win32
		{68DE856B-07CE-4CCA-B62A-DCC9F9281E93}.MinSizeRel|x86.Build.0 = Release|Win32
		{68DE856B-07CE-4CCA-B62A-DCC9F9281E93}.Release|ARM.ActiveCfg = Release|Win32
		{68DE856B-07CE-4CCA-B62A-DCC9F9281E93}.Release|x64.ActiveCfg = Release|x64
		{68DE856B-07CE-4CCA-B62A-DCC9F9281E93}.Release|x64.Build.0 = Release|x64
		{68DE856B-07CE-4CCA-B62A-DCC9F9281E93}.Release|x86.ActiveCfg = Release|Win32
		{68DE856B-07CE-4CCA-B62A-DCC9F9281E93}.Release|x86.Build.0 = Release|Win32
		{68DE856B-07CE-4CCA-B62A-DCC9F9281E93}.RelWithDebInfo|ARM.ActiveCfg = Release|Win32
		{68DE856B-07CE-4CCA-B62A-DCC9F9281E93}.RelWithDebInfo|ARM.Build.0 = Release|Win32
		{68DE856B-07CE-4CCA-B62A-DCC9F9281E93}.RelWithDebInfo|x64.ActiveCfg = Release|x64
		{68DE856B-07CE-4CCA-B62A-DCC9F9281E93}.RelWithDebInfo|x64.Build.0 = Release|x64
		{68DE856B-07CE-4CCA-B62A-DCC9F9281E93}.RelWithDebInfo|x86.ActiveCfg = Release|Win32
		{68DE856B-07CE-4CCA-B62A-DCC9F9281E93}.RelWithDebInfo|x86.Build.0 = Release|Win32
		{81A8C6C6-1548-4CCC-9872-D39A157A20FD}.Debug|ARM.ActiveCfg = Debug|ARM
		{81A8C6C6-1548-4CCC-9872-D39A157A20FD}.Debug|ARM.Build.0 = Debug|ARM
		{81A8C6C6-1548-4CCC-9872-D39A157A20FD}.Debug|x64.ActiveCfg = Debug|x64
		{81A8C6C6-1548-4CCC-9872-D39A157A20FD}.Debug|x64.Build.0 = Debug|x64
		{81A8C6C6-1548-4CCC-9872-D39A157A20FD}.Debug|x86.ActiveCfg = Debug|Win32
		{81A8C6C6-1548-4CCC-9872-D39A157A20FD}.Debug|x86.Build.0 = Debug|Win32
		{81A8C6C6-1548-4CCC-9872-D39A157A20FD}.MinSizeRel|ARM.ActiveCfg = Release|ARM
		{81A8C6C6-1548-4CCC-9872-D39A157A20FD}.MinSizeRel|ARM.Build.0 = Release|ARM
		{81A8C6C6-1548-4CCC-9872-D39A157A20FD}.MinSizeRel|x64.ActiveCfg = Release|x64
		{81A8C6C6-1548-4CCC-9872-D39A157A20FD}.MinSizeRel|x64.Build.0 = Release|x64
		{81A8C6C6-1548-4CCC-9872-D39A157A20FD}.MinSizeRel|x86.ActiveCfg = Release|Win32
		{81A8C6C6-1548-4CCC-9872-D39A157A20FD}.MinSizeRel|x86.Build.0 = Release|Win32
		{81A8C6C6-1548-4CCC-9872-D39A157A20FD}.Release|ARM.ActiveCfg = Release|ARM
		{81A8C6C6-1548-4CCC-9872-D39A157A20FD}.Release|ARM.Build.0 = Release|ARM
		{81A8C6C6-1548-4CCC-9872-D39A157A20FD}.Release|x64.ActiveCfg = Release|x64
		{81A8C6C6-1548-4CCC-9872-D39A157A20FD}.Release|x64.Build.0 = Release|x64
		{81A8C6C6-1548-4CCC-9872-D39A157A20FD}.Release|x86.ActiveCfg = Release|Win32
		{81A8C6C6-1548-4CCC-9872-D39A157A20FD}.Release|x86.Build.0 = Release|Win32
		{81A8C6C6-1548-4CCC-9872-D39A157A20FD}.RelWithDebInfo|ARM.ActiveCfg = Release|ARM
		{81A8C6C6-1548-4CCC-9872-D39A157A20FD}.RelWithDebInfo|ARM.Build.0 = Release|ARM
		{81A8C6C6-1548-4CCC-9872-D39A157A20FD}.RelWithDebInfo|x64.ActiveCfg = Release|x64
		{81A8C6C6-1548-4CCC-9872-D39A157A20FD}.RelWithDebInfo|x64.Build.0 = Release|x64
		{81A8C6C6-1548-4CCC-9872-D39A157A20FD}.RelWithDebInfo|x86.ActiveCfg = Release|Win32
		{81A8C6C6-1548-4CCC-9872-D39A157A20FD}.RelWithDebInfo|x86.Build.0 = Release|Win32
		{2D89D81C-6A9A-4DA2-BAC0-6B37C127FF25}.Debug|ARM.ActiveCfg = Debug|ARM
		{2D89D81C-6A9A-4DA2-BAC0-6B37C127FF25}.Debug|ARM.Build.0 = Debug|ARM
		{2D89D81C-6A9A-4DA2-BAC0-6B37C127FF25}.Debug|ARM.Deploy.0 = Debug|ARM
		{2D89D81C-6A9A-4DA2-BAC0-6B37C127FF25}.Debug|x64.ActiveCfg = Debug|x64
		{2D89D81C-6A9A-4DA2-BAC0-6B37C127FF25}.Debug|x64.Build.0 = Debug|x64
		{2D89D81C-6A9A-4DA2-BAC0-6B37C127FF25}.Debug|x64.Deploy.0 = Debug|x64
		{2D89D81C-6A9A-4DA2-BAC0-6B37C127FF25}.Debug|x86.ActiveCfg = Debug|x86
		{2D89D81C-6A9A-4DA2-BAC0-6B37C127FF25}.Debug|x86.Build.0 = Debug|x86
		{2D89D81C-6A9A-4DA2-BAC0-6B37C127FF25}.Debug|x86.Deploy.0 = Debug|x86
		{2D89D81C-6A9A-4DA2-BAC0-6B37C127FF25}.MinSizeRel|ARM.ActiveCfg = Release|ARM
		{2D89D81C-6A9A-4DA2-BAC0-6B37C127FF25}.MinSizeRel|ARM.Build.0 = Release|ARM
		{2D89D81C-6A9A-4DA2-BAC0-6B37C127FF25}.MinSizeRel|ARM.Deploy.0 = Release|ARM
		{2D89D81C-6A9A-4DA2-BAC0-6B37C127FF25}.MinSizeRel|x64.ActiveCfg = Release|x64
		{2D89D81C-6A9A-4DA2-BAC0-6B37C127FF25}.MinSizeRel|x64.Build.0 = Release|x64
		{2D89D81C-6A9A-4DA2-BAC0-6B37C127FF25}.MinSizeRel|x64.Deploy.0 = Release|x64
		{2D89D81C-6A9A-4DA2-BAC0-6B37C127FF25}.MinSizeRel|x86.ActiveCfg = Release|x86
		{2D89D81C-6A9A-4DA2-BAC0-6B37C127FF25}.MinSizeRel|x86.Build.0 = Release|x86
		{2D89D81C-6A9A-4DA2-BAC0-6B37C127FF25}.MinSizeRel|x86.Deploy.0 = Release|x86
		{2D89D81C-6A9A-4DA2-BAC0-6B37C127FF25}.Release|ARM.ActiveCfg = Release|ARM
		{2D89D81C-6A9A-4DA2-BAC0-6B37C127FF25}.Release|ARM.Build.0 = Release|ARM
		{2D89D81C-6A9A-4DA2-BAC0-6B37C127FF25}.Release|ARM.Deploy.0 = Release|ARM
		{2D89D81C-6A9A-4DA2-BAC0-6B37C127FF25}.Release|x64.ActiveCfg = Release|x64
		{2D89D81C-6A9A-4DA2-BAC0-6B37C127FF25}.Release|x64.Build.0 = Release|x64
		{2D89D81C-6A9A-4DA2-BAC0-6B37C127FF25}.Release|x64.Deploy.0 = Release|x64
		{2D89D81C-6A9A-4DA2-BAC0-6B37C127FF25}.Release|x86.ActiveCfg = Release|x86
		{2D89D81C-6A9A-4DA2-BAC0-6B37C127FF25}.Release|x86.Build.0 = Release|x86
		{2D89D81C-6A9A-4DA2-BAC0-6B37C127FF25}.Release|x86.Deploy.0 = Release|x86
		{2D89D81C-6A9A-4DA2-BAC0-6B37C127FF25}.RelWithDebInfo|ARM.ActiveCfg = Release|ARM
		{2D89D81C-6A9A-4DA2-BAC0-6B37C127FF25}.RelWithDebInfo|ARM.Build.0 = Release|ARM
		{2D89D81C-6A9A-4DA2-BAC0-6B37C127FF25}.RelWithDebInfo|ARM.Deploy.0 = Release|ARM
		{2D89D81C-6A9A-4DA2-BAC0-6B37C127FF25}.RelWithDebInfo|x64.ActiveCfg = Release|x64
		{2D89D81C-6A9A-4DA2-BAC0-6B37C127FF25}.RelWithDebInfo|x64.Build.0 = Release|x64
		{2D89D81C-6A9A-4DA2-BAC0-6B37C127FF25}.RelWithDebInfo|x64.Deploy.0 = Release|x64
		{2D89D81C-6A9A-4DA2-BAC0-6B37C127FF25}.RelWithDebInfo|x86.ActiveCfg = Release|x86
		{2D89D81C-6A9A-4DA2-BAC0-6B37C127FF25}.RelWithDebInfo|x86.Build.0 = Release|x86
		{2D89D81C-6A9A-4DA2-BAC0-6B37C127FF25}.RelWithDebInfo|x86.Deploy.0 = Release|x86
		{0CCC472B-9542-40FF-BE8C-7887D11E0B75}.Debug|ARM.ActiveCfg = Debug|ARM
		{0CCC472B-9542-40FF-BE8C-7887D11E0B75}.Debug|ARM.Build.0 = Debug|ARM
		{0CCC472B-9542-40FF-BE8C-7887D11E0B75}.Debug|ARM.Deploy.0 = Debug|ARM
		{0CCC472B-9542-40FF-BE8C-7887D11E0B75}.Debug|x64.ActiveCfg = Debug|x64
		{0CCC472B-9542-40FF-BE8C-7887D11E0B75}.Debug|x64.Build.0 = Debug|x64
		{0CCC472B-9542-40FF-BE8C-7887D11E0B75}.Debug|x64.Deploy.0 = Debug|x64
		{0CCC472B-9542-40FF-BE8C-7887D11E0B75}.Debug|x86.ActiveCfg = Debug|Win32
		{0CCC472B-9542-40FF-BE8C-7887D11E0B75}.Debug|x86.Build.0 = Debug|Win32
		{0CCC472B-9542-40FF-BE8C-7887D11E0B75}.Debug|x86.Deploy.0 = Debug|Win32
		{0CCC472B-9542-40FF-BE8C-7887D11E0B75}.MinSizeRel|ARM.ActiveCfg = Release|ARM
		{0CCC472B-9542-40FF-BE8C-7887D11E0B75}.MinSizeRel|ARM.Build.0 = Release|ARM
		{0CCC472B-9542-40FF-BE8C-7887D11E0B75}.MinSizeRel|ARM.Deploy.0 = Release|ARM
		{0CCC472B-9542-40FF-BE8C-7887D11E0B75}.MinSizeRel|x64.ActiveCfg = Release|x64
		{0CCC472B-9542-40FF-BE8C-7887D11E0B75}.MinSizeRel|x64.Build.0 = Release|x64
		{0CCC472B-9542-40FF-BE8C-7887D11E0B75}.MinSizeRel|x64.Deploy.0 = Release|x64
		{0CCC472B-9542-40FF-BE8C-7887D11E0B75}.MinSizeRel|x86.ActiveCfg = Release|Win32
		{0CCC472B-9542-40FF-BE8C-7887D11E0B75}.MinSizeRel|x86.Build.0 = Release|Win32
		{0CCC472B-9542-40FF-BE8C-7887D11E0B75}.MinSizeRel|x86.Deploy.0 = Release|Win32
		{0CCC472B-9542-40FF-BE8C-7887D11E0B75}.Release|ARM.ActiveCfg = Release|ARM
		{0CCC472B-9542-40FF-BE8C-7887D11E0B75}.Release|ARM.Build.0 = Release|ARM
		{0CCC472B-9542-40FF-BE8C-7887D11E0B75}.Release|ARM.Deploy.0 = Release|ARM
		{0CCC472B-9542-40FF-BE8C-7887D11E0B75}.Release|x64.ActiveCfg = Release|x64
		{0CCC472B-9542-40FF-BE8C-7887D11E0B75}.Release|x64.Build.0 = Release|x64
		{0CCC472B-9542-40FF-BE8C-7887D11E0B75}.Release|x64.Deploy.0 = Release|x64
		{0CCC472B-9542-40FF-BE8C-7887D11E0B75}.Release|x86.ActiveCfg = Release|Win32
		{0CCC472B-9542-40FF-BE8C-7887D11E0B75}.Release|x86.Build.0 = Release|Win32
		{0CCC472B-9542-40FF-BE8C-7887D11E0B75}.Release|x86.Deploy.0 = Release|Win32
		{0CCC472B-9542-40FF-BE8C-7887D11E0B75}.RelWithDebInfo|ARM.ActiveCfg = Release|ARM
		{0CCC472B-9542-40FF-BE8C-7887D11E0B75}.RelWithDebInfo|ARM.Build.0 = Release|ARM
		{0CCC472B-9542-40FF-BE8C-7887D11E0B75}.RelWithDebInfo|ARM.Deploy.0 = Release|ARM
		{0CCC472B-9542-40FF-BE8C-7887D11E0B75}.RelWithDebInfo|x64.ActiveCfg = Release|x64
		{0CCC472B-9542-40FF-BE8C-7887D11E0B75}.RelWithDebInfo|x64.Build.0 = Release|x64
		{0CCC472B-9542-40FF-BE8C-7887D11E0B75}.RelWithDebInfo|x64.Deploy.0 = Release|x64
		{0CCC472B-9542-40FF-BE8C-7887D11E0B75}.RelWithDebInfo|x86.ActiveCfg = Release|Win32
		{0CCC472B-9542-40FF-BE8C-7887D11E0B75}.RelWithDebInfo|x86.Build.0 = Release|Win32
		{0CCC472B-9542-40FF-BE8C-7887D11E0B75}.RelWithDebInfo|x86.Deploy.0 = Release|Win32
	EndGlobalSection
	GlobalSection(SolutionProperties) = preSolution
		HideSolutionNode = FALSE
	EndGlobalSection
EndGlobal
